GEM
  remote: https://rubygems.org/
  specs:
    bigdecimal (4.0.1)
    rack (3.2.5)
    rackup (2.3.1)
      rack (>= 3)
    sequel (5.101.0)
      bigdecimal
    sqlite3 (2.9.0-x64-mingw-ucrt)
    webrick (1.9.2)

PLATFORMS
  x64-mingw-ucrt

DEPENDENCIES
  rack
  rackup
  sequel
  sqlite3
  webrick

BUNDLED WITH
   2.6.9
